
Microsoft Visual Studio Solution File, Format Version 12.00
# Visual Studio 15
VisualStudioVersion = 15.0.28307.421
MinimumVisualStudioVersion = 10.0.40219.1
Project("{FAE04EC0-301F-11D3-BF4B-00C04F79EFBC}") = "RestaurantApi", "RestaurantApi\RestaurantApi.csproj", "{97E4D1FD-7E8A-4173-9DD7-A1058B127F87}"
EndProject
Project("{FAE04EC0-301F-11D3-BF4B-00C04F79EFBC}") = "RestaurantApi.Tests", "RestaurantApi.Tests\RestaurantApi.Tests.csproj", "{1C1AB477-0622-499D-BC44-76E9D8AD94F4}"
EndProject
Global
	GlobalSection(SolutionConfigurationPlatforms) = preSolution
		Debug|Any CPU = Debug|Any CPU
		Release|Any CPU = Release|Any CPU
	EndGlobalSection
	GlobalSection(ProjectConfigurationPlatforms) = postSolution
		{97E4D1FD-7E8A-4173-9DD7-A1058B127F87}.Debug|Any CPU.ActiveCfg = Debug|Any CPU
		{97E4D1FD-7E8A-4173-9DD7-A1058B127F87}.Debug|Any CPU.Build.0 = Debug|Any CPU
		{97E4D1FD-7E8A-4173-9DD7-A1058B127F87}.Release|Any CPU.ActiveCfg = Release|Any CPU
		{97E4D1FD-7E8A-4173-9DD7-A1058B127F87}.Release|Any CPU.Build.0 = Release|Any CPU
		{1C1AB477-0622-499D-BC44-76E9D8AD94F4}.Debug|Any CPU.ActiveCfg = Debug|Any CPU
		{1C1AB477-0622-499D-BC44-76E9D8AD94F4}.Debug|Any CPU.Build.0 = Debug|Any CPU
		{1C1AB477-0622-499D-BC44-76E9D8AD94F4}.Release|Any CPU.ActiveCfg = Release|Any CPU
		{1C1AB477-0622-499D-BC44-76E9D8AD94F4}.Release|Any CPU.Build.0 = Release|Any CPU
	EndGlobalSection
	GlobalSection(SolutionProperties) = preSolution
		HideSolutionNode = FALSE
	EndGlobalSection
	GlobalSection(ExtensibilityGlobals) = postSolution
		SolutionGuid = {F6679F47-3E96-4DF9-80E5-669CA43B6208}
	EndGlobalSection
EndGlobal
